{
  "name": "miniprogram",
  "version": "1.0.0",
  "lockfileVersion": 2,
  "requires": true,
  "packages": {
    "": {
      "name": "miniprogram",
      "version": "1.0.0",
      "license": "ISC",
      "dependencies": {
        "weui-miniprogram": "^1.2.3"
      }
    },
    "node_modules/weui-miniprogram": {
      "version": "1.2.3",
      "resolved": "http://10.3.4.17:8081/repository/sutpc-npm-group/weui-miniprogram/-/weui-miniprogram-1.2.3.tgz",
      "integrity": "sha512-PFlPKnIVTkt3CMrasTVKFEoDO4kfy1i3p4g8iU255ydZnxieGpHGa1d5gvVH9qpmxMPoIpjN57YoP/drLbJQrg==",
      "license": "MIT"
    }
  },
  "dependencies": {
    "weui-miniprogram": {
      "version": "1.2.3",
      "resolved": "http://10.3.4.17:8081/repository/sutpc-npm-group/weui-miniprogram/-/weui-miniprogram-1.2.3.tgz",
      "integrity": "sha512-PFlPKnIVTkt3CMrasTVKFEoDO4kfy1i3p4g8iU255ydZnxieGpHGa1d5gvVH9qpmxMPoIpjN57YoP/drLbJQrg=="
    }
  }
}
